
Microsoft Visual Studio Solution File, Format Version 12.00
# Visual Studio Version 17
VisualStudioVersion = 17.8.34525.116
MinimumVisualStudioVersion = 10.0.40219.1
Project("{888888A0-9F3D-457C-B088-3A5042F75D52}") = "convertNumbers", "convertNumbers\convertNumbers.pyproj", "{65A550AE-9A34-4883-85C4-A80240C1B62B}"
EndProject
Global
	GlobalSection(SolutionConfigurationPlatforms) = preSolution
		Debug|Any CPU = Debug|Any CPU
		Release|Any CPU = Release|Any CPU
	EndGlobalSection
	GlobalSection(ProjectConfigurationPlatforms) = postSolution
		{65A550AE-9A34-4883-85C4-A80240C1B62B}.Debug|Any CPU.ActiveCfg = Debug|Any CPU
		{65A550AE-9A34-4883-85C4-A80240C1B62B}.Release|Any CPU.ActiveCfg = Release|Any CPU
	EndGlobalSection
	GlobalSection(SolutionProperties) = preSolution
		HideSolutionNode = FALSE
	EndGlobalSection
	GlobalSection(ExtensibilityGlobals) = postSolution
		SolutionGuid = {BAB33082-A4EF-4CB4-805B-AEC6EA33B37F}
	EndGlobalSection
EndGlobal
